
Microsoft Visual Studio Solution File, Format Version 12.00
# Visual Studio Version 16
VisualStudioVersion = 16.0.31605.320
MinimumVisualStudioVersion = 10.0.40219.1
Project("{FAE04EC0-301F-11D3-BF4B-00C04F79EFBC}") = "MvcMovie", "MvcMovie.csproj", "{336A4933-CC3E-4BC5-9782-7A6A6245FD81}"
EndProject
Global
	GlobalSection(SolutionConfigurationPlatforms) = preSolution
		Debug|Any CPU = Debug|Any CPU
		Release|Any CPU = Release|Any CPU
	EndGlobalSection
	GlobalSection(ProjectConfigurationPlatforms) = postSolution
		{336A4933-CC3E-4BC5-9782-7A6A6245FD81}.Debug|Any CPU.ActiveCfg = Debug|Any CPU
		{336A4933-CC3E-4BC5-9782-7A6A6245FD81}.Debug|Any CPU.Build.0 = Debug|Any CPU
		{336A4933-CC3E-4BC5-9782-7A6A6245FD81}.Release|Any CPU.ActiveCfg = Release|Any CPU
		{336A4933-CC3E-4BC5-9782-7A6A6245FD81}.Release|Any CPU.Build.0 = Release|Any CPU
	EndGlobalSection
	GlobalSection(SolutionProperties) = preSolution
		HideSolutionNode = FALSE
	EndGlobalSection
	GlobalSection(ExtensibilityGlobals) = postSolution
		SolutionGuid = {6B815D3F-1BBD-43E3-9CD6-BBE9530184E0}
	EndGlobalSection
EndGlobal
